
Microsoft Visual Studio Solution File, Format Version 12.00
# Visual Studio Version 17
VisualStudioVersion = 17.14.37516.0 d17.14
MinimumVisualStudioVersion = 10.0.40219.1
Project("{FAE04EC0-301F-11D3-BF4B-00C04F79EFBC}") = "InventoryManagementSystem", "InventoryManagementSystem\InventoryManagementSystem.csproj", "{5AE58308-F34E-40C8-BCA9-C2C728179D59}"
EndProject
Project("{FAE04EC0-301F-11D3-BF4B-00C04F79EFBC}") = "InventoryManagementSystem.Presentation", "InventoryManagementSystem.Presentation\InventoryManagementSystem.Presentation.csproj", "{2BFDA8FF-E9C6-4BA7-9032-A7951CAB2913}"
EndProject
Project("{FAE04EC0-301F-11D3-BF4B-00C04F79EFBC}") = "InventoryManagementSystem.Business", "InventoryManagementSystem.Business\InventoryManagementSystem.Business.csproj", "{23B11674-DA96-4C79-9586-A7B913F939F5}"
EndProject
Project("{FAE04EC0-301F-11D3-BF4B-00C04F79EFBC}") = "InventoryManagementSystem.DataAccess", "InventoryManagementSystem.DataAccess\InventoryManagementSystem.DataAccess.csproj", "{65D77D02-9815-4D1F-A812-4EE7E16155D3}"
EndProject
Global
	GlobalSection(SolutionConfigurationPlatforms) = preSolution
		Debug|Any CPU = Debug|Any CPU
		Release|Any CPU = Release|Any CPU
	EndGlobalSection
	GlobalSection(ProjectConfigurationPlatforms) = postSolution
		{5AE58308-F34E-40C8-BCA9-C2C728179D59}.Debug|Any CPU.ActiveCfg = Debug|Any CPU
		{5AE58308-F34E-40C8-BCA9-C2C728179D59}.Debug|Any CPU.Build.0 = Debug|Any CPU
		{5AE58308-F34E-40C8-BCA9-C2C728179D59}.Release|Any CPU.ActiveCfg = Release|Any CPU
		{5AE58308-F34E-40C8-BCA9-C2C728179D59}.Release|Any CPU.Build.0 = Release|Any CPU
		{2BFDA8FF-E9C6-4BA7-9032-A7951CAB2913}.Debug|Any CPU.ActiveCfg = Debug|Any CPU
		{2BFDA8FF-E9C6-4BA7-9032-A7951CAB2913}.Debug|Any CPU.Build.0 = Debug|Any CPU
		{2BFDA8FF-E9C6-4BA7-9032-A7951CAB2913}.Release|Any CPU.ActiveCfg = Release|Any CPU
		{2BFDA8FF-E9C6-4BA7-9032-A7951CAB2913}.Release|Any CPU.Build.0 = Release|Any CPU
		{23B11674-DA96-4C79-9586-A7B913F939F5}.Debug|Any CPU.ActiveCfg = Debug|Any CPU
		{23B11674-DA96-4C79-9586-A7B913F939F5}.Debug|Any CPU.Build.0 = Debug|Any CPU
		{23B11674-DA96-4C79-9586-A7B913F939F5}.Release|Any CPU.ActiveCfg = Release|Any CPU
		{23B11674-DA96-4C79-9586-A7B913F939F5}.Release|Any CPU.Build.0 = Release|Any CPU
		{65D77D02-9815-4D1F-A812-4EE7E16155D3}.Debug|Any CPU.ActiveCfg = Debug|Any CPU
		{65D77D02-9815-4D1F-A812-4EE7E16155D3}.Debug|Any CPU.Build.0 = Debug|Any CPU
		{65D77D02-9815-4D1F-A812-4EE7E16155D3}.Release|Any CPU.ActiveCfg = Release|Any CPU
		{65D77D02-9815-4D1F-A812-4EE7E16155D3}.Release|Any CPU.Build.0 = Release|Any CPU
	EndGlobalSection
	GlobalSection(SolutionProperties) = preSolution
		HideSolutionNode = FALSE
	EndGlobalSection
	GlobalSection(ExtensibilityGlobals) = postSolution
		SolutionGuid = {F49AAD52-E210-490E-9817-EA301B0FD0F1}
	EndGlobalSection
EndGlobal
